
Microsoft Visual Studio Solution File, Format Version 12.00
# Visual Studio Version 17
VisualStudioVersion = 17.7.34031.279
MinimumVisualStudioVersion = 10.0.40219.1
Project("{FAE04EC0-301F-11D3-BF4B-00C04F79EFBC}") = "EquationSolver", "EquationSolver.csproj", "{F2FA99BF-6539-453C-8AA2-9EFDE693E743}"
EndProject
Project("{FAE04EC0-301F-11D3-BF4B-00C04F79EFBC}") = "EquationSolver.Tests", "..\EquationSolver.Tests\EquationSolver.Tests.csproj", "{F25A78FC-2708-439A-B5FA-787277F0EF69}"
EndProject
Global
	GlobalSection(SolutionConfigurationPlatforms) = preSolution
		Debug|Any CPU = Debug|Any CPU
		Release|Any CPU = Release|Any CPU
	EndGlobalSection
	GlobalSection(ProjectConfigurationPlatforms) = postSolution
		{F2FA99BF-6539-453C-8AA2-9EFDE693E743}.Debug|Any CPU.ActiveCfg = Debug|Any CPU
		{F2FA99BF-6539-453C-8AA2-9EFDE693E743}.Debug|Any CPU.Build.0 = Debug|Any CPU
		{F2FA99BF-6539-453C-8AA2-9EFDE693E743}.Release|Any CPU.ActiveCfg = Release|Any CPU
		{F2FA99BF-6539-453C-8AA2-9EFDE693E743}.Release|Any CPU.Build.0 = Release|Any CPU
		{F25A78FC-2708-439A-B5FA-787277F0EF69}.Debug|Any CPU.ActiveCfg = Debug|Any CPU
		{F25A78FC-2708-439A-B5FA-787277F0EF69}.Debug|Any CPU.Build.0 = Debug|Any CPU
		{F25A78FC-2708-439A-B5FA-787277F0EF69}.Release|Any CPU.ActiveCfg = Release|Any CPU
		{F25A78FC-2708-439A-B5FA-787277F0EF69}.Release|Any CPU.Build.0 = Release|Any CPU
	EndGlobalSection
	GlobalSection(SolutionProperties) = preSolution
		HideSolutionNode = FALSE
	EndGlobalSection
	GlobalSection(ExtensibilityGlobals) = postSolution
		SolutionGuid = {5351298D-4835-49B7-B497-9C646978CEDE}
	EndGlobalSection
EndGlobal
